
Microsoft Visual Studio Solution File, Format Version 12.00
# Visual Studio Version 16
VisualStudioVersion = 16.0.31424.327
MinimumVisualStudioVersion = 10.0.40219.1
Project("{FAE04EC0-301F-11D3-BF4B-00C04F79EFBC}") = "SBCHomework", "SBCHomework\SBCHomework.csproj", "{D1011E8B-EDF5-47EA-80FA-06A5F8B0D9C5}"
EndProject
Global
	GlobalSection(SolutionConfigurationPlatforms) = preSolution
		Debug|Any CPU = Debug|Any CPU
		Release|Any CPU = Release|Any CPU
	EndGlobalSection
	GlobalSection(ProjectConfigurationPlatforms) = postSolution
		{D1011E8B-EDF5-47EA-80FA-06A5F8B0D9C5}.Debug|Any CPU.ActiveCfg = Debug|Any CPU
		{D1011E8B-EDF5-47EA-80FA-06A5F8B0D9C5}.Debug|Any CPU.Build.0 = Debug|Any CPU
		{D1011E8B-EDF5-47EA-80FA-06A5F8B0D9C5}.Release|Any CPU.ActiveCfg = Release|Any CPU
		{D1011E8B-EDF5-47EA-80FA-06A5F8B0D9C5}.Release|Any CPU.Build.0 = Release|Any CPU
	EndGlobalSection
	GlobalSection(SolutionProperties) = preSolution
		HideSolutionNode = FALSE
	EndGlobalSection
	GlobalSection(ExtensibilityGlobals) = postSolution
		SolutionGuid = {218E8359-B4DB-4D5C-BD0C-B19701C76C01}
	EndGlobalSection
EndGlobal
